
Microsoft Visual Studio Solution File, Format Version 12.00
# Visual Studio 14
VisualStudioVersion = 14.0.25420.1
MinimumVisualStudioVersion = 10.0.40219.1
Project("{8BC9CEB8-8B4A-11D0-8D11-00A0C91BC942}") = "BinaryTree", "BinaryTree\DataStructure.vcxproj", "{45BA3D5D-924B-43C8-B77E-111C1714F9DE}"
EndProject
Project("{8BC9CEB8-8B4A-11D0-8D11-00A0C91BC942}") = "BinarySearchTree", "BinarySearchTree\BinarySearchTree.vcxproj", "{A3760133-1822-466B-8BB0-F8FA42328E57}"
EndProject
Project("{8BC9CEB8-8B4A-11D0-8D11-00A0C91BC942}") = "maxHeap", "maxHeap\maxHeap.vcxproj", "{FC5EC491-C068-46BA-B4C7-61205CC7B969}"
EndProject
Project("{8BC9CEB8-8B4A-11D0-8D11-00A0C91BC942}") = "maxHBLT", "maxHBLT\maxHBLT.vcxproj", "{E34E326A-D721-4448-9285-E0D7F733C15E}"
EndProject
Project("{8BC9CEB8-8B4A-11D0-8D11-00A0C91BC942}") = "AVLTree", "AVLTree\AVLTree.vcxproj", "{F717F8C5-AE53-4B94-A9D6-2BDBC27375B6}"
EndProject
Global
	GlobalSection(SolutionConfigurationPlatforms) = preSolution
		Debug|x64 = Debug|x64
		Debug|x86 = Debug|x86
		Release|x64 = Release|x64
		Release|x86 = Release|x86
	EndGlobalSection
	GlobalSection(ProjectConfigurationPlatforms) = postSolution
		{45BA3D5D-924B-43C8-B77E-111C1714F9DE}.Debug|x64.ActiveCfg = Debug|x64
		{45BA3D5D-924B-43C8-B77E-111C1714F9DE}.Debug|x64.Build.0 = Debug|x64
		{45BA3D5D-924B-43C8-B77E-111C1714F9DE}.Debug|x86.ActiveCfg = Debug|Win32
		{45BA3D5D-924B-43C8-B77E-111C1714F9DE}.Debug|x86.Build.0 = Debug|Win32
		{45BA3D5D-924B-43C8-B77E-111C1714F9DE}.Release|x64.ActiveCfg = Release|x64
		{45BA3D5D-924B-43C8-B77E-111C1714F9DE}.Release|x64.Build.0 = Release|x64
		{45BA3D5D-924B-43C8-B77E-111C1714F9DE}.Release|x86.ActiveCfg = Release|Win32
		{45BA3D5D-924B-43C8-B77E-111C1714F9DE}.Release|x86.Build.0 = Release|Win32
		{A3760133-1822-466B-8BB0-F8FA42328E57}.Debug|x64.ActiveCfg = Debug|x64
		{A3760133-1822-466B-8BB0-F8FA42328E57}.Debug|x64.Build.0 = Debug|x64
		{A3760133-1822-466B-8BB0-F8FA42328E57}.Debug|x86.ActiveCfg = Debug|Win32
		{A3760133-1822-466B-8BB0-F8FA42328E57}.Debug|x86.Build.0 = Debug|Win32
		{A3760133-1822-466B-8BB0-F8FA42328E57}.Release|x64.ActiveCfg = Release|x64
		{A3760133-1822-466B-8BB0-F8FA42328E57}.Release|x64.Build.0 = Release|x64
		{A3760133-1822-466B-8BB0-F8FA42328E57}.Release|x86.ActiveCfg = Release|Win32
		{A3760133-1822-466B-8BB0-F8FA42328E57}.Release|x86.Build.0 = Release|Win32
		{FC5EC491-C068-46BA-B4C7-61205CC7B969}.Debug|x64.ActiveCfg = Debug|x64
		{FC5EC491-C068-46BA-B4C7-61205CC7B969}.Debug|x64.Build.0 = Debug|x64
		{FC5EC491-C068-46BA-B4C7-61205CC7B969}.Debug|x86.ActiveCfg = Debug|Win32
		{FC5EC491-C068-46BA-B4C7-61205CC7B969}.Debug|x86.Build.0 = Debug|Win32
		{FC5EC491-C068-46BA-B4C7-61205CC7B969}.Release|x64.ActiveCfg = Release|x64
		{FC5EC491-C068-46BA-B4C7-61205CC7B969}.Release|x64.Build.0 = Release|x64
		{FC5EC491-C068-46BA-B4C7-61205CC7B969}.Release|x86.ActiveCfg = Release|Win32
		{FC5EC491-C068-46BA-B4C7-61205CC7B969}.Release|x86.Build.0 = Release|Win32
		{E34E326A-D721-4448-9285-E0D7F733C15E}.Debug|x64.ActiveCfg = Debug|x64
		{E34E326A-D721-4448-9285-E0D7F733C15E}.Debug|x64.Build.0 = Debug|x64
		{E34E326A-D721-4448-9285-E0D7F733C15E}.Debug|x86.ActiveCfg = Debug|Win32
		{E34E326A-D721-4448-9285-E0D7F733C15E}.Debug|x86.Build.0 = Debug|Win32
		{E34E326A-D721-4448-9285-E0D7F733C15E}.Release|x64.ActiveCfg = Release|x64
		{E34E326A-D721-4448-9285-E0D7F733C15E}.Release|x64.Build.0 = Release|x64
		{E34E326A-D721-4448-9285-E0D7F733C15E}.Release|x86.ActiveCfg = Release|Win32
		{E34E326A-D721-4448-9285-E0D7F733C15E}.Release|x86.Build.0 = Release|Win32
		{F717F8C5-AE53-4B94-A9D6-2BDBC27375B6}.Debug|x64.ActiveCfg = Debug|x64
		{F717F8C5-AE53-4B94-A9D6-2BDBC27375B6}.Debug|x64.Build.0 = Debug|x64
		{F717F8C5-AE53-4B94-A9D6-2BDBC27375B6}.Debug|x86.ActiveCfg = Debug|Win32
		{F717F8C5-AE53-4B94-A9D6-2BDBC27375B6}.Debug|x86.Build.0 = Debug|Win32
		{F717F8C5-AE53-4B94-A9D6-2BDBC27375B6}.Release|x64.ActiveCfg = Release|x64
		{F717F8C5-AE53-4B94-A9D6-2BDBC27375B6}.Release|x64.Build.0 = Release|x64
		{F717F8C5-AE53-4B94-A9D6-2BDBC27375B6}.Release|x86.ActiveCfg = Release|Win32
		{F717F8C5-AE53-4B94-A9D6-2BDBC27375B6}.Release|x86.Build.0 = Release|Win32
	EndGlobalSection
	GlobalSection(SolutionProperties) = preSolution
		HideSolutionNode = FALSE
	EndGlobalSection
EndGlobal
